
Microsoft Visual Studio Solution File, Format Version 12.00
# Visual Studio Version 16
VisualStudioVersion = 16.0.31025.194
MinimumVisualStudioVersion = 10.0.40219.1
Project("{FAE04EC0-301F-11D3-BF4B-00C04F79EFBC}") = "client-SMTP-Local", "client-SMTP-Local.csproj", "{1DF457AD-B8F3-41D2-9816-71CFE32473D9}"
EndProject
Project("{FAE04EC0-301F-11D3-BF4B-00C04F79EFBC}") = "server-SMTP-Local", "..\LTMCB_Nhom8_NT106.L21.ATCL\LocalSMTP2\SMTPServer\SMTPServer\server-SMTP-Local.csproj", "{A1E319BD-5752-453F-9B92-A1AF33BC1447}"
EndProject
Global
	GlobalSection(SolutionConfigurationPlatforms) = preSolution
		Debug|Any CPU = Debug|Any CPU
		Release|Any CPU = Release|Any CPU
	EndGlobalSection
	GlobalSection(ProjectConfigurationPlatforms) = postSolution
		{1DF457AD-B8F3-41D2-9816-71CFE32473D9}.Debug|Any CPU.ActiveCfg = Debug|Any CPU
		{1DF457AD-B8F3-41D2-9816-71CFE32473D9}.Debug|Any CPU.Build.0 = Debug|Any CPU
		{1DF457AD-B8F3-41D2-9816-71CFE32473D9}.Release|Any CPU.ActiveCfg = Release|Any CPU
		{1DF457AD-B8F3-41D2-9816-71CFE32473D9}.Release|Any CPU.Build.0 = Release|Any CPU
		{A1E319BD-5752-453F-9B92-A1AF33BC1447}.Debug|Any CPU.ActiveCfg = Debug|Any CPU
		{A1E319BD-5752-453F-9B92-A1AF33BC1447}.Debug|Any CPU.Build.0 = Debug|Any CPU
		{A1E319BD-5752-453F-9B92-A1AF33BC1447}.Release|Any CPU.ActiveCfg = Release|Any CPU
		{A1E319BD-5752-453F-9B92-A1AF33BC1447}.Release|Any CPU.Build.0 = Release|Any CPU
	EndGlobalSection
	GlobalSection(SolutionProperties) = preSolution
		HideSolutionNode = FALSE
	EndGlobalSection
	GlobalSection(ExtensibilityGlobals) = postSolution
		SolutionGuid = {65C881FB-6DEA-4899-990A-1D94DE9DA565}
	EndGlobalSection
EndGlobal
